// !$*UTF8*$!
{
	archiveVersion = 1;
	classes = {
	};
	objectVersion = 56;
	objects = {

/* Begin PBXBuildFile section */
		67D4ECE02AFDFEB80077E588 /* AppDelegate.swift in Sources */ = {isa = PBXBuildFile; fileRef = 67D4ECDF2AFDFEB80077E588 /* AppDelegate.swift */; };
		67D4ECE22AFDFEB80077E588 /* SceneDelegate.swift in Sources */ = {isa = PBXBuildFile; fileRef = 67D4ECE12AFDFEB80077E588 /* SceneDelegate.swift */; };
		67D4ECE42AFDFEB80077E588 /* ViewController.swift in Sources */ = {isa = PBXBuildFile; fileRef = 67D4ECE32AFDFEB80077E588 /* ViewController.swift */; };
		67D4ECE72AFDFEB80077E588 /* Main.storyboard in Resources */ = {isa = PBXBuildFile; fileRef = 67D4ECE52AFDFEB80077E588 /* Main.storyboard */; };
		67D4ECE92AFDFEB90077E588 /* Assets.xcassets in Resources */ = {isa = PBXBuildFile; fileRef = 67D4ECE82AFDFEB90077E588 /* Assets.xcassets */; };
		67D4ECEC2AFDFEB90077E588 /* LaunchScreen.storyboard in Resources */ = {isa = PBXBuildFile; fileRef = 67D4ECEA2AFDFEB90077E588 /* LaunchScreen.storyboard */; };
/* End PBXBuildFile section */

/* Begin PBXContainerItemProxy section */
		67D4ECF32AFDFEB90077E588 /* PBXContainerItemProxy */ = {
			isa = PBXContainerItemProxy;
			containerPortal = 67D4ECD42AFDFEB80077E588 /* Project object */;
			proxyType = 1;
			remoteGlobalIDString = 67D4ECDB2AFDFEB80077E588;
			remoteInfo = medaxion_sample;
		};
		67D4ECFD2AFDFEB90077E588 /* PBXContainerItemProxy */ = {
			isa = PBXContainerItemProxy;
			containerPortal = 67D4ECD42AFDFEB80077E588 /* Project object */;
			proxyType = 1;
			remoteGlobalIDString = 67D4ECDB2AFDFEB80077E588;
			remoteInfo = medaxion_sample;
		};
/* End PBXContainerItemProxy section */

/* Begin PBXFileReference section */
		67D4ECDC2AFDFEB80077E588 /* medaxion_sample.app */ = {isa = PBXFileReference; explicitFileType = wrapper.application; includeInIndex = 0; path = medaxion_sample.app; sourceTree = BUILT_PRODUCTS_DIR; };
		67D4ECDF2AFDFEB80077E588 /* AppDelegate.swift */ = {isa = PBXFileReference; lastKnownFileType = sourcecode.swift; path = AppDelegate.swift; sourceTree = "<group>"; };
		67D4ECE12AFDFEB80077E588 /* SceneDelegate.swift */ = {isa = PBXFileReference; lastKnownFileType = sourcecode.swift; path = SceneDelegate.swift; sourceTree = "<group>"; };
		67D4ECE32AFDFEB80077E588 /* ViewController.swift */ = {isa = PBXFileReference; lastKnownFileType = sourcecode.swift; path = ViewController.swift; sourceTree = "<group>"; };
		67D4ECE62AFDFEB80077E588 /* Base */ = {isa = PBXFileReference; lastKnownFileType = file.storyboard; name = Base; path = Base.lproj/Main.storyboard; sourceTree = "<group>"; };
		67D4ECE82AFDFEB90077E588 /* Assets.xcassets */ = {isa = PBXFileReference; lastKnownFileType = folder.assetcatalog; path = Assets.xcassets; sourceTree = "<group>"; };
		67D4ECEB2AFDFEB90077E588 /* Base */ = {isa = PBXFileReference; lastKnownFileType = file.storyboard; name = Base; path = Base.lproj/LaunchScreen.storyboard; sourceTree = "<group>"; };
		67D4ECED2AFDFEB90077E588 /* Info.plist */ = {isa = PBXFileReference; lastKnownFileType = text.plist.xml; path = Info.plist; sourceTree = "<group>"; };
		67D4ECF22AFDFEB90077E588 /* medaxion_sampleTests.xctest */ = {isa = PBXFileReference; explicitFileType = wrapper.cfbundle; includeInIndex = 0; path = medaxion_sampleTests.xctest; sourceTree = BUILT_PRODUCTS_DIR; };
		67D4ECFC2AFDFEB90077E588 /* medaxion_sampleUITests.xctest */ = {isa = PBXFileReference; explicitFileType = wrapper.cfbundle; includeInIndex = 0; path = medaxion_sampleUITests.xctest; sourceTree = BUILT_PRODUCTS_DIR; };
/* End PBXFileReference section */

/* Begin PBXFrameworksBuildPhase section */
		67D4ECD92AFDFEB80077E588 /* Frameworks */ = {
			isa = PBXFrameworksBuildPhase;
			buildActionMask = 2147483647;
			files = (
			);
			runOnlyForDeploymentPostprocessing = 0;
		};
		67D4ECEF2AFDFEB90077E588 /* Frameworks */ = {
			isa = PBXFrameworksBuildPhase;
			buildActionMask = 2147483647;
			files = (
			);
			runOnlyForDeploymentPostprocessing = 0;
		};
		67D4ECF92AFDFEB90077E588 /* Frameworks */ = {
			isa = PBXFrameworksBuildPhase;
			buildActionMask = 2147483647;
			files = (
			);
			runOnlyForDeploymentPostprocessing = 0;
		};
/* End PBXFrameworksBuildPhase section */

/* Begin PBXGroup section */
		67D4ECD32AFDFEB80077E588 = {
			isa = PBXGroup;
			children = (
				67D4ECDE2AFDFEB80077E588 /* medaxion_sample */,
				67D4ECF52AFDFEB90077E588 /* medaxion_sampleTests */,
				67D4ECFF2AFDFEB90077E588 /* medaxion_sampleUITests */,
				67D4ECDD2AFDFEB80077E588 /* Products */,
			);
			sourceTree = "<group>";
		};
		67D4ECDD2AFDFEB80077E588 /* Products */ = {
			isa = PBXGroup;
			children = (
				67D4ECDC2AFDFEB80077E588 /* medaxion_sample.app */,
				67D4ECF22AFDFEB90077E588 /* medaxion_sampleTests.xctest */,
				67D4ECFC2AFDFEB90077E588 /* medaxion_sampleUITests.xctest */,
			);
			name = Products;
			sourceTree = "<group>";
		};
		67D4ECDE2AFDFEB80077E588 /* medaxion_sample */ = {
			isa = PBXGroup;
			children = (
				67D4ED102AFDFFC90077E588 /* Assets */,
				67D4ED0F2AFDFFC20077E588 /* Common */,
				67D4ED112AFDFFE40077E588 /* Services */,
				67D4ED142AFDFFF90077E588 /* Models */,
				67D4ED122AFDFFEC0077E588 /* Views */,
				67D4ED132AFDFFF20077E588 /* ViewModels */,
				67D4ECE32AFDFEB80077E588 /* ViewController.swift */,
				67D4ECE52AFDFEB80077E588 /* Main.storyboard */,
				67D4ECEA2AFDFEB90077E588 /* LaunchScreen.storyboard */,
				67D4ECED2AFDFEB90077E588 /* Info.plist */,
			);
			path = medaxion_sample;
			sourceTree = "<group>";
		};
		67D4ECF52AFDFEB90077E588 /* medaxion_sampleTests */ = {
			isa = PBXGroup;
			children = (
				67D4ED152AFE00530077E588 /* Services */,
				67D4ED162AFE00590077E588 /* Views */,
				67D4ED172AFE006C0077E588 /* ViewModels */,
			);
			path = medaxion_sampleTests;
			sourceTree = "<group>";
		};
		67D4ECFF2AFDFEB90077E588 /* medaxion_sampleUITests */ = {
			isa = PBXGroup;
			children = (
			);
			path = medaxion_sampleUITests;
			sourceTree = "<group>";
		};
		67D4ED0F2AFDFFC20077E588 /* Common */ = {
			isa = PBXGroup;
			children = (
				67D4ECDF2AFDFEB80077E588 /* AppDelegate.swift */,
				67D4ECE12AFDFEB80077E588 /* SceneDelegate.swift */,
			);
			path = Common;
			sourceTree = "<group>";
		};
		67D4ED102AFDFFC90077E588 /* Assets */ = {
			isa = PBXGroup;
			children = (
				67D4ECE82AFDFEB90077E588 /* Assets.xcassets */,
			);
			path = Assets;
			sourceTree = "<group>";
		};
		67D4ED112AFDFFE40077E588 /* Services */ = {
			isa = PBXGroup;
			children = (
			);
			path = Services;
			sourceTree = "<group>";
		};
		67D4ED122AFDFFEC0077E588 /* Views */ = {
			isa = PBXGroup;
			children = (
			);
			path = Views;
			sourceTree = "<group>";
		};
		67D4ED132AFDFFF20077E588 /* ViewModels */ = {
			isa = PBXGroup;
			children = (
			);
			path = ViewModels;
			sourceTree = "<group>";
		};
		67D4ED142AFDFFF90077E588 /* Models */ = {
			isa = PBXGroup;
			children = (
			);
			path = Models;
			sourceTree = "<group>";
		};
		67D4ED152AFE00530077E588 /* Services */ = {
			isa = PBXGroup;
			children = (
			);
			path = Services;
			sourceTree = "<group>";
		};
		67D4ED162AFE00590077E588 /* Views */ = {
			isa = PBXGroup;
			children = (
			);
			path = Views;
			sourceTree = "<group>";
		};
		67D4ED172AFE006C0077E588 /* ViewModels */ = {
			isa = PBXGroup;
			children = (
			);
			path = ViewModels;
			sourceTree = "<group>";
		};
/* End PBXGroup section */

/* Begin PBXNativeTarget section */
		67D4ECDB2AFDFEB80077E588 /* medaxion_sample */ = {
			isa = PBXNativeTarget;
			buildConfigurationList = 67D4ED062AFDFEB90077E588 /* Build configuration list for PBXNativeTarget "medaxion_sample" */;
			buildPhases = (
				67D4ECD82AFDFEB80077E588 /* Sources */,
				67D4ECD92AFDFEB80077E588 /* Frameworks */,
				67D4ECDA2AFDFEB80077E588 /* Resources */,
			);
			buildRules = (
			);
			dependencies = (
			);
			name = medaxion_sample;
			productName = medaxion_sample;
			productReference = 67D4ECDC2AFDFEB80077E588 /* medaxion_sample.app */;
			productType = "com.apple.product-type.application";
		};
		67D4ECF12AFDFEB90077E588 /* medaxion_sampleTests */ = {
			isa = PBXNativeTarget;
			buildConfigurationList = 67D4ED092AFDFEB90077E588 /* Build configuration list for PBXNativeTarget "medaxion_sampleTests" */;
			buildPhases = (
				67D4ECEE2AFDFEB90077E588 /* Sources */,
				67D4ECEF2AFDFEB90077E588 /* Frameworks */,
				67D4ECF02AFDFEB90077E588 /* Resources */,
			);
			buildRules = (
			);
			dependencies = (
				67D4ECF42AFDFEB90077E588 /* PBXTargetDependency */,
			);
			name = medaxion_sampleTests;
			productName = medaxion_sampleTests;
			productReference = 67D4ECF22AFDFEB90077E588 /* medaxion_sampleTests.xctest */;
			productType = "com.apple.product-type.bundle.unit-test";
		};
		67D4ECFB2AFDFEB90077E588 /* medaxion_sampleUITests */ = {
			isa = PBXNativeTarget;
			buildConfigurationList = 67D4ED0C2AFDFEB90077E588 /* Build configuration list for PBXNativeTarget "medaxion_sampleUITests" */;
			buildPhases = (
				67D4ECF82AFDFEB90077E588 /* Sources */,
				67D4ECF92AFDFEB90077E588 /* Frameworks */,
				67D4ECFA2AFDFEB90077E588 /* Resources */,
			);
			buildRules = (
			);
			dependencies = (
				67D4ECFE2AFDFEB90077E588 /* PBXTargetDependency */,
			);
			name = medaxion_sampleUITests;
			productName = medaxion_sampleUITests;
			productReference = 67D4ECFC2AFDFEB90077E588 /* medaxion_sampleUITests.xctest */;
			productType = "com.apple.product-type.bundle.ui-testing";
		};
/* End PBXNativeTarget section */

/* Begin PBXProject section */
		67D4ECD42AFDFEB80077E588 /* Project object */ = {
			isa = PBXProject;
			attributes = {
				BuildIndependentTargetsInParallel = 1;
				LastSwiftUpdateCheck = 1500;
				LastUpgradeCheck = 1500;
				TargetAttributes = {
					67D4ECDB2AFDFEB80077E588 = {
						CreatedOnToolsVersion = 15.0.1;
					};
					67D4ECF12AFDFEB90077E588 = {
						CreatedOnToolsVersion = 15.0.1;
						TestTargetID = 67D4ECDB2AFDFEB80077E588;
					};
					67D4ECFB2AFDFEB90077E588 = {
						CreatedOnToolsVersion = 15.0.1;
						TestTargetID = 67D4ECDB2AFDFEB80077E588;
					};
				};
			};
			buildConfigurationList = 67D4ECD72AFDFEB80077E588 /* Build configuration list for PBXProject "medaxion_sample" */;
			compatibilityVersion = "Xcode 14.0";
			developmentRegion = en;
			hasScannedForEncodings = 0;
			knownRegions = (
				en,
				Base,
			);
			mainGroup = 67D4ECD32AFDFEB80077E588;
			productRefGroup = 67D4ECDD2AFDFEB80077E588 /* Products */;
			projectDirPath = "";
			projectRoot = "";
			targets = (
				67D4ECDB2AFDFEB80077E588 /* medaxion_sample */,
				67D4ECF12AFDFEB90077E588 /* medaxion_sampleTests */,
				67D4ECFB2AFDFEB90077E588 /* medaxion_sampleUITests */,
			);
		};
/* End PBXProject section */

/* Begin PBXResourcesBuildPhase section */
		67D4ECDA2AFDFEB80077E588 /* Resources */ = {
			isa = PBXResourcesBuildPhase;
			buildActionMask = 2147483647;
			files = (
				67D4ECEC2AFDFEB90077E588 /* LaunchScreen.storyboard in Resources */,
				67D4ECE92AFDFEB90077E588 /* Assets.xcassets in Resources */,
				67D4ECE72AFDFEB80077E588 /* Main.storyboard in Resources */,
			);
			runOnlyForDeploymentPostprocessing = 0;
		};
		67D4ECF02AFDFEB90077E588 /* Resources */ = {
			isa = PBXResourcesBuildPhase;
			buildActionMask = 2147483647;
			files = (
			);
			runOnlyForDeploymentPostprocessing = 0;
		};
		67D4ECFA2AFDFEB90077E588 /* Resources */ = {
			isa = PBXResourcesBuildPhase;
			buildActionMask = 2147483647;
			files = (
			);
			runOnlyForDeploymentPostprocessing = 0;
		};
/* End PBXResourcesBuildPhase section */

/* Begin PBXSourcesBuildPhase section */
		67D4ECD82AFDFEB80077E588 /* Sources */ = {
			isa = PBXSourcesBuildPhase;
			buildActionMask = 2147483647;
			files = (
				67D4ECE42AFDFEB80077E588 /* ViewController.swift in Sources */,
				67D4ECE02AFDFEB80077E588 /* AppDelegate.swift in Sources */,
				67D4ECE22AFDFEB80077E588 /* SceneDelegate.swift in Sources */,
			);
			runOnlyForDeploymentPostprocessing = 0;
		};
		67D4ECEE2AFDFEB90077E588 /* Sources */ = {
			isa = PBXSourcesBuildPhase;
			buildActionMask = 2147483647;
			files = (
			);
			runOnlyForDeploymentPostprocessing = 0;
		};
		67D4ECF82AFDFEB90077E588 /* Sources */ = {
			isa = PBXSourcesBuildPhase;
			buildActionMask = 2147483647;
			files = (
			);
			runOnlyForDeploymentPostprocessing = 0;
		};
/* End PBXSourcesBuildPhase section */

/* Begin PBXTargetDependency section */
		67D4ECF42AFDFEB90077E588 /* PBXTargetDependency */ = {
			isa = PBXTargetDependency;
			target = 67D4ECDB2AFDFEB80077E588 /* medaxion_sample */;
			targetProxy = 67D4ECF32AFDFEB90077E588 /* PBXContainerItemProxy */;
		};
		67D4ECFE2AFDFEB90077E588 /* PBXTargetDependency */ = {
			isa = PBXTargetDependency;
			target = 67D4ECDB2AFDFEB80077E588 /* medaxion_sample */;
			targetProxy = 67D4ECFD2AFDFEB90077E588 /* PBXContainerItemProxy */;
		};
/* End PBXTargetDependency section */

/* Begin PBXVariantGroup section */
		67D4ECE52AFDFEB80077E588 /* Main.storyboard */ = {
			isa = PBXVariantGroup;
			children = (
				67D4ECE62AFDFEB80077E588 /* Base */,
			);
			name = Main.storyboard;
			sourceTree = "<group>";
		};
		67D4ECEA2AFDFEB90077E588 /* LaunchScreen.storyboard */ = {
			isa = PBXVariantGroup;
			children = (
				67D4ECEB2AFDFEB90077E588 /* Base */,
			);
			name = LaunchScreen.storyboard;
			sourceTree = "<group>";
		};
/* End PBXVariantGroup section */

/* Begin XCBuildConfiguration section */
		67D4ED042AFDFEB90077E588 /* Debug */ = {
			isa = XCBuildConfiguration;
			buildSettings = {
				ALWAYS_SEARCH_USER_PATHS = NO;
				ASSETCATALOG_COMPILER_GENERATE_SWIFT_ASSET_SYMBOL_EXTENSIONS = YES;
				CLANG_ANALYZER_NONNULL = YES;
				CLANG_ANALYZER_NUMBER_OBJECT_CONVERSION = YES_AGGRESSIVE;
				CLANG_CXX_LANGUAGE_STANDARD = "gnu++20";
				CLANG_ENABLE_MODULES = YES;
				CLANG_ENABLE_OBJC_ARC = YES;
				CLANG_ENABLE_OBJC_WEAK = YES;
				CLANG_WARN_BLOCK_CAPTURE_AUTORELEASING = YES;
				CLANG_WARN_BOOL_CONVERSION = YES;
				CLANG_WARN_COMMA = YES;
				CLANG_WARN_CONSTANT_CONVERSION = YES;
				CLANG_WARN_DEPRECATED_OBJC_IMPLEMENTATIONS = YES;
				CLANG_WARN_DIRECT_OBJC_ISA_USAGE = YES_ERROR;
				CLANG_WARN_DOCUMENTATION_COMMENTS = YES;
				CLANG_WARN_EMPTY_BODY = YES;
				CLANG_WARN_ENUM_CONVERSION = YES;
				CLANG_WARN_INFINITE_RECURSION = YES;
				CLANG_WARN_INT_CONVERSION = YES;
				CLANG_WARN_NON_LITERAL_NULL_CONVERSION = YES;
				CLANG_WARN_OBJC_IMPLICIT_RETAIN_SELF = YES;
				CLANG_WARN_OBJC_LITERAL_CONVERSION = YES;
				CLANG_WARN_OBJC_ROOT_CLASS = YES_ERROR;
				CLANG_WARN_QUOTED_INCLUDE_IN_FRAMEWORK_HEADER = YES;
				CLANG_WARN_RANGE_LOOP_ANALYSIS = YES;
				CLANG_WARN_STRICT_PROTOTYPES = YES;
				CLANG_WARN_SUSPICIOUS_MOVE = YES;
				CLANG_WARN_UNGUARDED_AVAILABILITY = YES_AGGRESSIVE;
				CLANG_WARN_UNREACHABLE_CODE = YES;
				CLANG_WARN__DUPLICATE_METHOD_MATCH = YES;
				COPY_PHASE_STRIP = NO;
				DEBUG_INFORMATION_FORMAT = dwarf;
				ENABLE_STRICT_OBJC_MSGSEND = YES;
				ENABLE_TESTABILITY = YES;
				ENABLE_USER_SCRIPT_SANDBOXING = YES;
				GCC_C_LANGUAGE_STANDARD = gnu17;
				GCC_DYNAMIC_NO_PIC = NO;
				GCC_NO_COMMON_BLOCKS = YES;
				GCC_OPTIMIZATION_LEVEL = 0;
				GCC_PREPROCESSOR_DEFINITIONS = (
					"DEBUG=1",
					"$(inherited)",
				);
				GCC_WARN_64_TO_32_BIT_CONVERSION = YES;
				GCC_WARN_ABOUT_RETURN_TYPE = YES_ERROR;
				GCC_WARN_UNDECLARED_SELECTOR = YES;
				GCC_WARN_UNINITIALIZED_AUTOS = YES_AGGRESSIVE;
				GCC_WARN_UNUSED_FUNCTION = YES;
				GCC_WARN_UNUSED_VARIABLE = YES;
				IPHONEOS_DEPLOYMENT_TARGET = 17.0;
				LOCALIZATION_PREFERS_STRING_CATALOGS = YES;
				MTL_ENABLE_DEBUG_INFO = INCLUDE_SOURCE;
				MTL_FAST_MATH = YES;
				ONLY_ACTIVE_ARCH = YES;
				SDKROOT = iphoneos;
				SWIFT_ACTIVE_COMPILATION_CONDITIONS = "DEBUG $(inherited)";
				SWIFT_OPTIMIZATION_LEVEL = "-Onone";
			};
			name = Debug;
		};
		67D4ED052AFDFEB90077E588 /* Release */ = {
			isa = XCBuildConfiguration;
			buildSettings = {
				ALWAYS_SEARCH_USER_PATHS = NO;
				ASSETCATALOG_COMPILER_GENERATE_SWIFT_ASSET_SYMBOL_EXTENSIONS = YES;
				CLANG_ANALYZER_NONNULL = YES;
				CLANG_ANALYZER_NUMBER_OBJECT_CONVERSION = YES_AGGRESSIVE;
				CLANG_CXX_LANGUAGE_STANDARD = "gnu++20";
				CLANG_ENABLE_MODULES = YES;
				CLANG_ENABLE_OBJC_ARC = YES;
				CLANG_ENABLE_OBJC_WEAK = YES;
				CLANG_WARN_BLOCK_CAPTURE_AUTORELEASING = YES;
				CLANG_WARN_BOOL_CONVERSION = YES;
				CLANG_WARN_COMMA = YES;
				CLANG_WARN_CONSTANT_CONVERSION = YES;
				CLANG_WARN_DEPRECATED_OBJC_IMPLEMENTATIONS = YES;
				CLANG_WARN_DIRECT_OBJC_ISA_USAGE = YES_ERROR;
				CLANG_WARN_DOCUMENTATION_COMMENTS = YES;
				CLANG_WARN_EMPTY_BODY = YES;
				CLANG_WARN_ENUM_CONVERSION = YES;
				CLANG_WARN_INFINITE_RECURSION = YES;
				CLANG_WARN_INT_CONVERSION = YES;
				CLANG_WARN_NON_LITERAL_NULL_CONVERSION = YES;
				CLANG_WARN_OBJC_IMPLICIT_RETAIN_SELF = YES;
				CLANG_WARN_OBJC_LITERAL_CONVERSION = YES;
				CLANG_WARN_OBJC_ROOT_CLASS = YES_ERROR;
				CLANG_WARN_QUOTED_INCLUDE_IN_FRAMEWORK_HEADER = YES;
				CLANG_WARN_RANGE_LOOP_ANALYSIS = YES;
				CLANG_WARN_STRICT_PROTOTYPES = YES;
				CLANG_WARN_SUSPICIOUS_MOVE = YES;
				CLANG_WARN_UNGUARDED_AVAILABILITY = YES_AGGRESSIVE;
				CLANG_WARN_UNREACHABLE_CODE = YES;
				CLANG_WARN__DUPLICATE_METHOD_MATCH = YES;
				COPY_PHASE_STRIP = NO;
				DEBUG_INFORMATION_FORMAT = "dwarf-with-dsym";
				ENABLE_NS_ASSERTIONS = NO;
				ENABLE_STRICT_OBJC_MSGSEND = YES;
				ENABLE_USER_SCRIPT_SANDBOXING = YES;
				GCC_C_LANGUAGE_STANDARD = gnu17;
				GCC_NO_COMMON_BLOCKS = YES;
				GCC_WARN_64_TO_32_BIT_CONVERSION = YES;
				GCC_WARN_ABOUT_RETURN_TYPE = YES_ERROR;
				GCC_WARN_UNDECLARED_SELECTOR = YES;
				GCC_WARN_UNINITIALIZED_AUTOS = YES_AGGRESSIVE;
				GCC_WARN_UNUSED_FUNCTION = YES;
				GCC_WARN_UNUSED_VARIABLE = YES;
				IPHONEOS_DEPLOYMENT_TARGET = 17.0;
				LOCALIZATION_PREFERS_STRING_CATALOGS = YES;
				MTL_ENABLE_DEBUG_INFO = NO;
				MTL_FAST_MATH = YES;
				SDKROOT = iphoneos;
				SWIFT_COMPILATION_MODE = wholemodule;
				VALIDATE_PRODUCT = YES;
			};
			name = Release;
		};
		67D4ED072AFDFEB90077E588 /* Debug */ = {
			isa = XCBuildConfiguration;
			buildSettings = {
				ASSETCATALOG_COMPILER_APPICON_NAME = AppIcon;
				ASSETCATALOG_COMPILER_GLOBAL_ACCENT_COLOR_NAME = AccentColor;
				CODE_SIGN_STYLE = Automatic;
				CURRENT_PROJECT_VERSION = 1;
				DEVELOPMENT_TEAM = QA27SLSJ5W;
				GENERATE_INFOPLIST_FILE = YES;
				INFOPLIST_FILE = medaxion_sample/Info.plist;
				INFOPLIST_KEY_UIApplicationSupportsIndirectInputEvents = YES;
				INFOPLIST_KEY_UILaunchStoryboardName = LaunchScreen;
				INFOPLIST_KEY_UIMainStoryboardFile = Main;
				INFOPLIST_KEY_UISupportedInterfaceOrientations_iPad = "UIInterfaceOrientationPortrait UIInterfaceOrientationPortraitUpsideDown UIInterfaceOrientationLandscapeLeft UIInterfaceOrientationLandscapeRight";
				INFOPLIST_KEY_UISupportedInterfaceOrientations_iPhone = "UIInterfaceOrientationPortrait UIInterfaceOrientationLandscapeLeft UIInterfaceOrientationLandscapeRight";
				LD_RUNPATH_SEARCH_PATHS = (
					"$(inherited)",
					"@executable_path/Frameworks",
				);
				MARKETING_VERSION = 1.0;
				PRODUCT_BUNDLE_IDENTIFIER = "com.whcreations.medaxion-sample";
				PRODUCT_NAME = "$(TARGET_NAME)";
				SWIFT_EMIT_LOC_STRINGS = YES;
				SWIFT_VERSION = 5.0;
				TARGETED_DEVICE_FAMILY = "1,2";
			};
			name = Debug;
		};
		67D4ED082AFDFEB90077E588 /* Release */ = {
			isa = XCBuildConfiguration;
			buildSettings = {
				ASSETCATALOG_COMPILER_APPICON_NAME = AppIcon;
				ASSETCATALOG_COMPILER_GLOBAL_ACCENT_COLOR_NAME = AccentColor;
				CODE_SIGN_STYLE = Automatic;
				CURRENT_PROJECT_VERSION = 1;
				DEVELOPMENT_TEAM = QA27SLSJ5W;
				GENERATE_INFOPLIST_FILE = YES;
				INFOPLIST_FILE = medaxion_sample/Info.plist;
				INFOPLIST_KEY_UIApplicationSupportsIndirectInputEvents = YES;
				INFOPLIST_KEY_UILaunchStoryboardName = LaunchScreen;
				INFOPLIST_KEY_UIMainStoryboardFile = Main;
				INFOPLIST_KEY_UISupportedInterfaceOrientations_iPad = "UIInterfaceOrientationPortrait UIInterfaceOrientationPortraitUpsideDown UIInterfaceOrientationLandscapeLeft UIInterfaceOrientationLandscapeRight";
				INFOPLIST_KEY_UISupportedInterfaceOrientations_iPhone = "UIInterfaceOrientationPortrait UIInterfaceOrientationLandscapeLeft UIInterfaceOrientationLandscapeRight";
				LD_RUNPATH_SEARCH_PATHS = (
					"$(inherited)",
					"@executable_path/Frameworks",
				);
				MARKETING_VERSION = 1.0;
				PRODUCT_BUNDLE_IDENTIFIER = "com.whcreations.medaxion-sample";
				PRODUCT_NAME = "$(TARGET_NAME)";
				SWIFT_EMIT_LOC_STRINGS = YES;
				SWIFT_VERSION = 5.0;
				TARGETED_DEVICE_FAMILY = "1,2";
			};
			name = Release;
		};
		67D4ED0A2AFDFEB90077E588 /* Debug */ = {
			isa = XCBuildConfiguration;
			buildSettings = {
				ALWAYS_EMBED_SWIFT_STANDARD_LIBRARIES = YES;
				BUNDLE_LOADER = "$(TEST_HOST)";
				CODE_SIGN_STYLE = Automatic;
				CURRENT_PROJECT_VERSION = 1;
				DEVELOPMENT_TEAM = QA27SLSJ5W;
				GENERATE_INFOPLIST_FILE = YES;
				IPHONEOS_DEPLOYMENT_TARGET = 17.0;
				MARKETING_VERSION = 1.0;
				PRODUCT_BUNDLE_IDENTIFIER = "com.whcreations.medaxion-sampleTests";
				PRODUCT_NAME = "$(TARGET_NAME)";
				SWIFT_EMIT_LOC_STRINGS = NO;
				SWIFT_VERSION = 5.0;
				TARGETED_DEVICE_FAMILY = "1,2";
				TEST_HOST = "$(BUILT_PRODUCTS_DIR)/medaxion_sample.app/$(BUNDLE_EXECUTABLE_FOLDER_PATH)/medaxion_sample";
			};
			name = Debug;
		};
		67D4ED0B2AFDFEB90077E588 /* Release */ = {
			isa = XCBuildConfiguration;
			buildSettings = {
				ALWAYS_EMBED_SWIFT_STANDARD_LIBRARIES = YES;
				BUNDLE_LOADER = "$(TEST_HOST)";
				CODE_SIGN_STYLE = Automatic;
				CURRENT_PROJECT_VERSION = 1;
				DEVELOPMENT_TEAM = QA27SLSJ5W;
				GENERATE_INFOPLIST_FILE = YES;
				IPHONEOS_DEPLOYMENT_TARGET = 17.0;
				MARKETING_VERSION = 1.0;
				PRODUCT_BUNDLE_IDENTIFIER = "com.whcreations.medaxion-sampleTests";
				PRODUCT_NAME = "$(TARGET_NAME)";
				SWIFT_EMIT_LOC_STRINGS = NO;
				SWIFT_VERSION = 5.0;
				TARGETED_DEVICE_FAMILY = "1,2";
				TEST_HOST = "$(BUILT_PRODUCTS_DIR)/medaxion_sample.app/$(BUNDLE_EXECUTABLE_FOLDER_PATH)/medaxion_sample";
			};
			name = Release;
		};
		67D4ED0D2AFDFEB90077E588 /* Debug */ = {
			isa = XCBuildConfiguration;
			buildSettings = {
				ALWAYS_EMBED_SWIFT_STANDARD_LIBRARIES = YES;
				CODE_SIGN_STYLE = Automatic;
				CURRENT_PROJECT_VERSION = 1;
				DEVELOPMENT_TEAM = QA27SLSJ5W;
				GENERATE_INFOPLIST_FILE = YES;
				MARKETING_VERSION = 1.0;
				PRODUCT_BUNDLE_IDENTIFIER = "com.whcreations.medaxion-sampleUITests";
				PRODUCT_NAME = "$(TARGET_NAME)";
				SWIFT_EMIT_LOC_STRINGS = NO;
				SWIFT_VERSION = 5.0;
				TARGETED_DEVICE_FAMILY = "1,2";
				TEST_TARGET_NAME = medaxion_sample;
			};
			name = Debug;
		};
		67D4ED0E2AFDFEB90077E588 /* Release */ = {
			isa = XCBuildConfiguration;
			buildSettings = {
				ALWAYS_EMBED_SWIFT_STANDARD_LIBRARIES = YES;
				CODE_SIGN_STYLE = Automatic;
				CURRENT_PROJECT_VERSION = 1;
				DEVELOPMENT_TEAM = QA27SLSJ5W;
				GENERATE_INFOPLIST_FILE = YES;
				MARKETING_VERSION = 1.0;
				PRODUCT_BUNDLE_IDENTIFIER = "com.whcreations.medaxion-sampleUITests";
				PRODUCT_NAME = "$(TARGET_NAME)";
				SWIFT_EMIT_LOC_STRINGS = NO;
				SWIFT_VERSION = 5.0;
				TARGETED_DEVICE_FAMILY = "1,2";
				TEST_TARGET_NAME = medaxion_sample;
			};
			name = Release;
		};
/* End XCBuildConfiguration section */

/* Begin XCConfigurationList section */
		67D4ECD72AFDFEB80077E588 /* Build configuration list for PBXProject "medaxion_sample" */ = {
			isa = XCConfigurationList;
			buildConfigurations = (
				67D4ED042AFDFEB90077E588 /* Debug */,
				67D4ED052AFDFEB90077E588 /* Release */,
			);
			defaultConfigurationIsVisible = 0;
			defaultConfigurationName = Release;
		};
		67D4ED062AFDFEB90077E588 /* Build configuration list for PBXNativeTarget "medaxion_sample" */ = {
			isa = XCConfigurationList;
			buildConfigurations = (
				67D4ED072AFDFEB90077E588 /* Debug */,
				67D4ED082AFDFEB90077E588 /* Release */,
			);
			defaultConfigurationIsVisible = 0;
			defaultConfigurationName = Release;
		};
		67D4ED092AFDFEB90077E588 /* Build configuration list for PBXNativeTarget "medaxion_sampleTests" */ = {
			isa = XCConfigurationList;
			buildConfigurations = (
				67D4ED0A2AFDFEB90077E588 /* Debug */,
				67D4ED0B2AFDFEB90077E588 /* Release */,
			);
			defaultConfigurationIsVisible = 0;
			defaultConfigurationName = Release;
		};
		67D4ED0C2AFDFEB90077E588 /* Build configuration list for PBXNativeTarget "medaxion_sampleUITests" */ = {
			isa = XCConfigurationList;
			buildConfigurations = (
				67D4ED0D2AFDFEB90077E588 /* Debug */,
				67D4ED0E2AFDFEB90077E588 /* Release */,
			);
			defaultConfigurationIsVisible = 0;
			defaultConfigurationName = Release;
		};
/* End XCConfigurationList section */
	};
	rootObject = 67D4ECD42AFDFEB80077E588 /* Project object */;
}
